
Microsoft Visual Studio Solution File, Format Version 12.00
# Visual Studio Version 17
VisualStudioVersion = 17.0.31919.166
MinimumVisualStudioVersion = 10.0.40219.1
Project("{9A19103F-16F7-4668-BE54-9A1E7A4F7556}") = "Healthron UI", "Covid Interface\Healthron UI.csproj", "{41BE12A1-7922-41FC-A688-B5FC4F56F41D}"
EndProject
Global
	GlobalSection(SolutionConfigurationPlatforms) = preSolution
		Debug|Any CPU = Debug|Any CPU
		Release|Any CPU = Release|Any CPU
	EndGlobalSection
	GlobalSection(ProjectConfigurationPlatforms) = postSolution
		{41BE12A1-7922-41FC-A688-B5FC4F56F41D}.Debug|Any CPU.ActiveCfg = Debug|Any CPU
		{41BE12A1-7922-41FC-A688-B5FC4F56F41D}.Debug|Any CPU.Build.0 = Debug|Any CPU
		{41BE12A1-7922-41FC-A688-B5FC4F56F41D}.Release|Any CPU.ActiveCfg = Release|Any CPU
		{41BE12A1-7922-41FC-A688-B5FC4F56F41D}.Release|Any CPU.Build.0 = Release|Any CPU
	EndGlobalSection
	GlobalSection(SolutionProperties) = preSolution
		HideSolutionNode = FALSE
	EndGlobalSection
	GlobalSection(ExtensibilityGlobals) = postSolution
		SolutionGuid = {AABA16F3-264F-4EE9-8F00-A47C877E51B7}
	EndGlobalSection
EndGlobal
